// !$*UTF8*$!
{
	archiveVersion = 1;
	classes = {
	};
	objectVersion = 46;
	objects = {

/* Begin PBXBuildFile section */
		1977B6D7204715740008FD71 /* ChatCell.swift in Sources */ = {isa = PBXBuildFile; fileRef = 1977B6D6204715740008FD71 /* ChatCell.swift */; };
		19FE4C2E2043653C00D38029 /* AppDelegate.swift in Sources */ = {isa = PBXBuildFile; fileRef = 19FE4C2D2043653C00D38029 /* AppDelegate.swift */; };
		19FE4C302043653C00D38029 /* ViewController.swift in Sources */ = {isa = PBXBuildFile; fileRef = 19FE4C2F2043653C00D38029 /* ViewController.swift */; };
		19FE4C332043653C00D38029 /* Main.storyboard in Resources */ = {isa = PBXBuildFile; fileRef = 19FE4C312043653C00D38029 /* Main.storyboard */; };
		19FE4C352043653C00D38029 /* Assets.xcassets in Resources */ = {isa = PBXBuildFile; fileRef = 19FE4C342043653C00D38029 /* Assets.xcassets */; };
		19FE4C382043653C00D38029 /* LaunchScreen.storyboard in Resources */ = {isa = PBXBuildFile; fileRef = 19FE4C362043653C00D38029 /* LaunchScreen.storyboard */; };
		19FE4C4020448F0700D38029 /* LoginViewController.swift in Sources */ = {isa = PBXBuildFile; fileRef = 19FE4C3F20448F0700D38029 /* LoginViewController.swift */; };
		19FE4C43204494AB00D38029 /* ChatViewController.swift in Sources */ = {isa = PBXBuildFile; fileRef = 19FE4C42204494AB00D38029 /* ChatViewController.swift */; };
		5DCD10A6D1E9C2AB3F8D9F70 /* Pods_ParseChat.framework in Frameworks */ = {isa = PBXBuildFile; fileRef = 2F43084DC85DF9860A131F36 /* Pods_ParseChat.framework */; };
/* End PBXBuildFile section */

/* Begin PBXFileReference section */
		18CEF65C9CA73EC5965D27DD /* Pods-ParseChat.debug.xcconfig */ = {isa = PBXFileReference; includeInIndex = 1; lastKnownFileType = text.xcconfig; name = "Pods-ParseChat.debug.xcconfig"; path = "Pods/Target Support Files/Pods-ParseChat/Pods-ParseChat.debug.xcconfig"; sourceTree = "<group>"; };
		1977B6D6204715740008FD71 /* ChatCell.swift */ = {isa = PBXFileReference; fileEncoding = 4; lastKnownFileType = sourcecode.swift; path = ChatCell.swift; sourceTree = "<group>"; };
		19FE4C2A2043653C00D38029 /* ParseChat.app */ = {isa = PBXFileReference; explicitFileType = wrapper.application; includeInIndex = 0; path = ParseChat.app; sourceTree = BUILT_PRODUCTS_DIR; };
		19FE4C2D2043653C00D38029 /* AppDelegate.swift */ = {isa = PBXFileReference; lastKnownFileType = sourcecode.swift; path = AppDelegate.swift; sourceTree = "<group>"; };
		19FE4C2F2043653C00D38029 /* ViewController.swift */ = {isa = PBXFileReference; lastKnownFileType = sourcecode.swift; path = ViewController.swift; sourceTree = "<group>"; };
		19FE4C322043653C00D38029 /* Base */ = {isa = PBXFileReference; lastKnownFileType = file.storyboard; name = Base; path = Base.lproj/Main.storyboard; sourceTree = "<group>"; };
		19FE4C342043653C00D38029 /* Assets.xcassets */ = {isa = PBXFileReference; lastKnownFileType = folder.assetcatalog; path = Assets.xcassets; sourceTree = "<group>"; };
		19FE4C372043653C00D38029 /* Base */ = {isa = PBXFileReference; lastKnownFileType = file.storyboard; name = Base; path = Base.lproj/LaunchScreen.storyboard; sourceTree = "<group>"; };
		19FE4C392043653C00D38029 /* Info.plist */ = {isa = PBXFileReference; lastKnownFileType = text.plist.xml; path = Info.plist; sourceTree = "<group>"; };
		19FE4C3F20448F0700D38029 /* LoginViewController.swift */ = {isa = PBXFileReference; fileEncoding = 4; lastKnownFileType = sourcecode.swift; path = LoginViewController.swift; sourceTree = "<group>"; };
		19FE4C42204494AB00D38029 /* ChatViewController.swift */ = {isa = PBXFileReference; fileEncoding = 4; lastKnownFileType = sourcecode.swift; path = ChatViewController.swift; sourceTree = "<group>"; };
		2F43084DC85DF9860A131F36 /* Pods_ParseChat.framework */ = {isa = PBXFileReference; explicitFileType = wrapper.framework; includeInIndex = 0; path = Pods_ParseChat.framework; sourceTree = BUILT_PRODUCTS_DIR; };
		89F870779AADD08A1A874AB9 /* Pods-ParseChat.release.xcconfig */ = {isa = PBXFileReference; includeInIndex = 1; lastKnownFileType = text.xcconfig; name = "Pods-ParseChat.release.xcconfig"; path = "Pods/Target Support Files/Pods-ParseChat/Pods-ParseChat.release.xcconfig"; sourceTree = "<group>"; };
/* End PBXFileReference section */

/* Begin PBXFrameworksBuildPhase section */
		19FE4C272043653C00D38029 /* Frameworks */ = {
			isa = PBXFrameworksBuildPhase;
			buildActionMask = 2147483647;
			files = (
				5DCD10A6D1E9C2AB3F8D9F70 /* Pods_ParseChat.framework in Frameworks */,
			);
			runOnlyForDeploymentPostprocessing = 0;
		};
/* End PBXFrameworksBuildPhase section */

/* Begin PBXGroup section */
		1977B6D5204715490008FD71 /* New Group */ = {
			isa = PBXGroup;
			children = (
				1977B6D6204715740008FD71 /* ChatCell.swift */,
			);
			name = "New Group";
			sourceTree = "<group>";
		};
		19FE4C212043653C00D38029 = {
			isa = PBXGroup;
			children = (
				19FE4C2C2043653C00D38029 /* ParseChat */,
				19FE4C2B2043653C00D38029 /* Products */,
				F53F6C0720E6D8636C11F962 /* Pods */,
				B222536851C8FFA3AC1B315D /* Frameworks */,
			);
			sourceTree = "<group>";
		};
		19FE4C2B2043653C00D38029 /* Products */ = {
			isa = PBXGroup;
			children = (
				19FE4C2A2043653C00D38029 /* ParseChat.app */,
			);
			name = Products;
			sourceTree = "<group>";
		};
		19FE4C2C2043653C00D38029 /* ParseChat */ = {
			isa = PBXGroup;
			children = (
				1977B6D5204715490008FD71 /* New Group */,
				19FE4C412044943C00D38029 /* View controllers */,
				19FE4C2D2043653C00D38029 /* AppDelegate.swift */,
				19FE4C2F2043653C00D38029 /* ViewController.swift */,
				19FE4C312043653C00D38029 /* Main.storyboard */,
				19FE4C342043653C00D38029 /* Assets.xcassets */,
				19FE4C362043653C00D38029 /* LaunchScreen.storyboard */,
				19FE4C392043653C00D38029 /* Info.plist */,
			);
			path = ParseChat;
			sourceTree = "<group>";
		};
		19FE4C412044943C00D38029 /* View controllers */ = {
			isa = PBXGroup;
			children = (
				19FE4C3F20448F0700D38029 /* LoginViewController.swift */,
				19FE4C42204494AB00D38029 /* ChatViewController.swift */,
			);
			name = "View controllers";
			sourceTree = "<group>";
		};
		B222536851C8FFA3AC1B315D /* Frameworks */ = {
			isa = PBXGroup;
			children = (
				2F43084DC85DF9860A131F36 /* Pods_ParseChat.framework */,
			);
			name = Frameworks;
			sourceTree = "<group>";
		};
		F53F6C0720E6D8636C11F962 /* Pods */ = {
			isa = PBXGroup;
			children = (
				18CEF65C9CA73EC5965D27DD /* Pods-ParseChat.debug.xcconfig */,
				89F870779AADD08A1A874AB9 /* Pods-ParseChat.release.xcconfig */,
			);
			name = Pods;
			sourceTree = "<group>";
		};
/* End PBXGroup section */

/* Begin PBXNativeTarget section */
		19FE4C292043653C00D38029 /* ParseChat */ = {
			isa = PBXNativeTarget;
			buildConfigurationList = 19FE4C3C2043653C00D38029 /* Build configuration list for PBXNativeTarget "ParseChat" */;
			buildPhases = (
				CB003C342D3353CD9E830F11 /* [CP] Check Pods Manifest.lock */,
				19FE4C262043653C00D38029 /* Sources */,
				19FE4C272043653C00D38029 /* Frameworks */,
				19FE4C282043653C00D38029 /* Resources */,
				8E1F207092B22B5DB9FB2DBF /* [CP] Embed Pods Frameworks */,
				A59D51BC310D8A28FBBFBF50 /* [CP] Copy Pods Resources */,
			);
			buildRules = (
			);
			dependencies = (
			);
			name = ParseChat;
			productName = ParseChat;
			productReference = 19FE4C2A2043653C00D38029 /* ParseChat.app */;
			productType = "com.apple.product-type.application";
		};
/* End PBXNativeTarget section */

/* Begin PBXProject section */
		19FE4C222043653C00D38029 /* Project object */ = {
			isa = PBXProject;
			attributes = {
				LastSwiftUpdateCheck = 0830;
				LastUpgradeCheck = 0830;
				ORGANIZATIONNAME = Warpedflo;
				TargetAttributes = {
					19FE4C292043653C00D38029 = {
						CreatedOnToolsVersion = 8.3.3;
						ProvisioningStyle = Automatic;
					};
				};
			};
			buildConfigurationList = 19FE4C252043653C00D38029 /* Build configuration list for PBXProject "ParseChat" */;
			compatibilityVersion = "Xcode 3.2";
			developmentRegion = English;
			hasScannedForEncodings = 0;
			knownRegions = (
				en,
				Base,
			);
			mainGroup = 19FE4C212043653C00D38029;
			productRefGroup = 19FE4C2B2043653C00D38029 /* Products */;
			projectDirPath = "";
			projectRoot = "";
			targets = (
				19FE4C292043653C00D38029 /* ParseChat */,
			);
		};
/* End PBXProject section */

/* Begin PBXResourcesBuildPhase section */
		19FE4C282043653C00D38029 /* Resources */ = {
			isa = PBXResourcesBuildPhase;
			buildActionMask = 2147483647;
			files = (
				19FE4C382043653C00D38029 /* LaunchScreen.storyboard in Resources */,
				19FE4C352043653C00D38029 /* Assets.xcassets in Resources */,
				19FE4C332043653C00D38029 /* Main.storyboard in Resources */,
			);
			runOnlyForDeploymentPostprocessing = 0;
		};
/* End PBXResourcesBuildPhase section */

/* Begin PBXShellScriptBuildPhase section */
		8E1F207092B22B5DB9FB2DBF /* [CP] Embed Pods Frameworks */ = {
			isa = PBXShellScriptBuildPhase;
			buildActionMask = 2147483647;
			files = (
			);
			inputPaths = (
				"${SRCROOT}/Pods/Target Support Files/Pods-ParseChat/Pods-ParseChat-frameworks.sh",
				"${BUILT_PRODUCTS_DIR}/Bolts/Bolts.framework",
				"${BUILT_PRODUCTS_DIR}/Parse/Parse.framework",
			);
			name = "[CP] Embed Pods Frameworks";
			outputPaths = (
				"${TARGET_BUILD_DIR}/${FRAMEWORKS_FOLDER_PATH}/Bolts.framework",
				"${TARGET_BUILD_DIR}/${FRAMEWORKS_FOLDER_PATH}/Parse.framework",
			);
			runOnlyForDeploymentPostprocessing = 0;
			shellPath = /bin/sh;
			shellScript = "\"${SRCROOT}/Pods/Target Support Files/Pods-ParseChat/Pods-ParseChat-frameworks.sh\"\n";
			showEnvVarsInLog = 0;
		};
		A59D51BC310D8A28FBBFBF50 /* [CP] Copy Pods Resources */ = {
			isa = PBXShellScriptBuildPhase;
			buildActionMask = 2147483647;
			files = (
			);
			inputPaths = (
			);
			name = "[CP] Copy Pods Resources";
			outputPaths = (
			);
			runOnlyForDeploymentPostprocessing = 0;
			shellPath = /bin/sh;
			shellScript = "\"${SRCROOT}/Pods/Target Support Files/Pods-ParseChat/Pods-ParseChat-resources.sh\"\n";
			showEnvVarsInLog = 0;
		};
		CB003C342D3353CD9E830F11 /* [CP] Check Pods Manifest.lock */ = {
			isa = PBXShellScriptBuildPhase;
			buildActionMask = 2147483647;
			files = (
			);
			inputPaths = (
				"${PODS_PODFILE_DIR_PATH}/Podfile.lock",
				"${PODS_ROOT}/Manifest.lock",
			);
			name = "[CP] Check Pods Manifest.lock";
			outputPaths = (
				"$(DERIVED_FILE_DIR)/Pods-ParseChat-checkManifestLockResult.txt",
			);
			runOnlyForDeploymentPostprocessing = 0;
			shellPath = /bin/sh;
			shellScript = "diff \"${PODS_PODFILE_DIR_PATH}/Podfile.lock\" \"${PODS_ROOT}/Manifest.lock\" > /dev/null\nif [ $? != 0 ] ; then\n    # print error to STDERR\n    echo \"error: The sandbox is not in sync with the Podfile.lock. Run 'pod install' or update your CocoaPods installation.\" >&2\n    exit 1\nfi\n# This output is used by Xcode 'outputs' to avoid re-running this script phase.\necho \"SUCCESS\" > \"${SCRIPT_OUTPUT_FILE_0}\"\n";
			showEnvVarsInLog = 0;
		};
/* End PBXShellScriptBuildPhase section */

/* Begin PBXSourcesBuildPhase section */
		19FE4C262043653C00D38029 /* Sources */ = {
			isa = PBXSourcesBuildPhase;
			buildActionMask = 2147483647;
			files = (
				19FE4C4020448F0700D38029 /* LoginViewController.swift in Sources */,
				19FE4C302043653C00D38029 /* ViewController.swift in Sources */,
				19FE4C43204494AB00D38029 /* ChatViewController.swift in Sources */,
				1977B6D7204715740008FD71 /* ChatCell.swift in Sources */,
				19FE4C2E2043653C00D38029 /* AppDelegate.swift in Sources */,
			);
			runOnlyForDeploymentPostprocessing = 0;
		};
/* End PBXSourcesBuildPhase section */

/* Begin PBXVariantGroup section */
		19FE4C312043653C00D38029 /* Main.storyboard */ = {
			isa = PBXVariantGroup;
			children = (
				19FE4C322043653C00D38029 /* Base */,
			);
			name = Main.storyboard;
			sourceTree = "<group>";
		};
		19FE4C362043653C00D38029 /* LaunchScreen.storyboard */ = {
			isa = PBXVariantGroup;
			children = (
				19FE4C372043653C00D38029 /* Base */,
			);
			name = LaunchScreen.storyboard;
			sourceTree = "<group>";
		};
/* End PBXVariantGroup section */

/* Begin XCBuildConfiguration section */
		19FE4C3A2043653C00D38029 /* Debug */ = {
			isa = XCBuildConfiguration;
			buildSettings = {
				ALWAYS_SEARCH_USER_PATHS = NO;
				CLANG_ANALYZER_NONNULL = YES;
				CLANG_ANALYZER_NUMBER_OBJECT_CONVERSION = YES_AGGRESSIVE;
				CLANG_CXX_LANGUAGE_STANDARD = "gnu++0x";
				CLANG_CXX_LIBRARY = "libc++";
				CLANG_ENABLE_MODULES = YES;
				CLANG_ENABLE_OBJC_ARC = YES;
				CLANG_WARN_BOOL_CONVERSION = YES;
				CLANG_WARN_CONSTANT_CONVERSION = YES;
				CLANG_WARN_DIRECT_OBJC_ISA_USAGE = YES_ERROR;
				CLANG_WARN_DOCUMENTATION_COMMENTS = YES;
				CLANG_WARN_EMPTY_BODY = YES;
				CLANG_WARN_ENUM_CONVERSION = YES;
				CLANG_WARN_INFINITE_RECURSION = YES;
				CLANG_WARN_INT_CONVERSION = YES;
				CLANG_WARN_OBJC_ROOT_CLASS = YES_ERROR;
				CLANG_WARN_SUSPICIOUS_MOVE = YES;
				CLANG_WARN_UNREACHABLE_CODE = YES;
				CLANG_WARN__DUPLICATE_METHOD_MATCH = YES;
				"CODE_SIGN_IDENTITY[sdk=iphoneos*]" = "iPhone Developer";
				COPY_PHASE_STRIP = NO;
				DEBUG_INFORMATION_FORMAT = dwarf;
				ENABLE_STRICT_OBJC_MSGSEND = YES;
				ENABLE_TESTABILITY = YES;
				GCC_C_LANGUAGE_STANDARD = gnu99;
				GCC_DYNAMIC_NO_PIC = NO;
				GCC_NO_COMMON_BLOCKS = YES;
				GCC_OPTIMIZATION_LEVEL = 0;
				GCC_PREPROCESSOR_DEFINITIONS = (
					"DEBUG=1",
					"$(inherited)",
				);
				GCC_WARN_64_TO_32_BIT_CONVERSION = YES;
				GCC_WARN_ABOUT_RETURN_TYPE = YES_ERROR;
				GCC_WARN_UNDECLARED_SELECTOR = YES;
				GCC_WARN_UNINITIALIZED_AUTOS = YES_AGGRESSIVE;
				GCC_WARN_UNUSED_FUNCTION = YES;
				GCC_WARN_UNUSED_VARIABLE = YES;
				IPHONEOS_DEPLOYMENT_TARGET = 10.3;
				MTL_ENABLE_DEBUG_INFO = YES;
				ONLY_ACTIVE_ARCH = YES;
				SDKROOT = iphoneos;
				SWIFT_ACTIVE_COMPILATION_CONDITIONS = DEBUG;
				SWIFT_OPTIMIZATION_LEVEL = "-Onone";
			};
			name = Debug;
		};
		19FE4C3B2043653C00D38029 /* Release */ = {
			isa = XCBuildConfiguration;
			buildSettings = {
				ALWAYS_SEARCH_USER_PATHS = NO;
				CLANG_ANALYZER_NONNULL = YES;
				CLANG_ANALYZER_NUMBER_OBJECT_CONVERSION = YES_AGGRESSIVE;
				CLANG_CXX_LANGUAGE_STANDARD = "gnu++0x";
				CLANG_CXX_LIBRARY = "libc++";
				CLANG_ENABLE_MODULES = YES;
				CLANG_ENABLE_OBJC_ARC = YES;
				CLANG_WARN_BOOL_CONVERSION = YES;
				CLANG_WARN_CONSTANT_CONVERSION = YES;
				CLANG_WARN_DIRECT_OBJC_ISA_USAGE = YES_ERROR;
				CLANG_WARN_DOCUMENTATION_COMMENTS = YES;
				CLANG_WARN_EMPTY_BODY = YES;
				CLANG_WARN_ENUM_CONVERSION = YES;
				CLANG_WARN_INFINITE_RECURSION = YES;
				CLANG_WARN_INT_CONVERSION = YES;
				CLANG_WARN_OBJC_ROOT_CLASS = YES_ERROR;
				CLANG_WARN_SUSPICIOUS_MOVE = YES;
				CLANG_WARN_UNREACHABLE_CODE = YES;
				CLANG_WARN__DUPLICATE_METHOD_MATCH = YES;
				"CODE_SIGN_IDENTITY[sdk=iphoneos*]" = "iPhone Developer";
				COPY_PHASE_STRIP = NO;
				DEBUG_INFORMATION_FORMAT = "dwarf-with-dsym";
				ENABLE_NS_ASSERTIONS = NO;
				ENABLE_STRICT_OBJC_MSGSEND = YES;
				GCC_C_LANGUAGE_STANDARD = gnu99;
				GCC_NO_COMMON_BLOCKS = YES;
				GCC_WARN_64_TO_32_BIT_CONVERSION = YES;
				GCC_WARN_ABOUT_RETURN_TYPE = YES_ERROR;
				GCC_WARN_UNDECLARED_SELECTOR = YES;
				GCC_WARN_UNINITIALIZED_AUTOS = YES_AGGRESSIVE;
				GCC_WARN_UNUSED_FUNCTION = YES;
				GCC_WARN_UNUSED_VARIABLE = YES;
				IPHONEOS_DEPLOYMENT_TARGET = 10.3;
				MTL_ENABLE_DEBUG_INFO = NO;
				SDKROOT = iphoneos;
				SWIFT_OPTIMIZATION_LEVEL = "-Owholemodule";
				VALIDATE_PRODUCT = YES;
			};
			name = Release;
		};
		19FE4C3D2043653C00D38029 /* Debug */ = {
			isa = XCBuildConfiguration;
			baseConfigurationReference = 18CEF65C9CA73EC5965D27DD /* Pods-ParseChat.debug.xcconfig */;
			buildSettings = {
				ASSETCATALOG_COMPILER_APPICON_NAME = AppIcon;
				INFOPLIST_FILE = ParseChat/Info.plist;
				LD_RUNPATH_SEARCH_PATHS = "$(inherited) @executable_path/Frameworks";
				PRODUCT_BUNDLE_IDENTIFIER = com.Warpedflo.ParseChat;
				PRODUCT_NAME = "$(TARGET_NAME)";
				SWIFT_VERSION = 3.0;
			};
			name = Debug;
		};
		19FE4C3E2043653C00D38029 /* Release */ = {
			isa = XCBuildConfiguration;
			baseConfigurationReference = 89F870779AADD08A1A874AB9 /* Pods-ParseChat.release.xcconfig */;
			buildSettings = {
				ASSETCATALOG_COMPILER_APPICON_NAME = AppIcon;
				INFOPLIST_FILE = ParseChat/Info.plist;
				LD_RUNPATH_SEARCH_PATHS = "$(inherited) @executable_path/Frameworks";
				PRODUCT_BUNDLE_IDENTIFIER = com.Warpedflo.ParseChat;
				PRODUCT_NAME = "$(TARGET_NAME)";
				SWIFT_VERSION = 3.0;
			};
			name = Release;
		};
/* End XCBuildConfiguration section */

/* Begin XCConfigurationList section */
		19FE4C252043653C00D38029 /* Build configuration list for PBXProject "ParseChat" */ = {
			isa = XCConfigurationList;
			buildConfigurations = (
				19FE4C3A2043653C00D38029 /* Debug */,
				19FE4C3B2043653C00D38029 /* Release */,
			);
			defaultConfigurationIsVisible = 0;
			defaultConfigurationName = Release;
		};
		19FE4C3C2043653C00D38029 /* Build configuration list for PBXNativeTarget "ParseChat" */ = {
			isa = XCConfigurationList;
			buildConfigurations = (
				19FE4C3D2043653C00D38029 /* Debug */,
				19FE4C3E2043653C00D38029 /* Release */,
			);
			defaultConfigurationIsVisible = 0;
			defaultConfigurationName = Release;
		};
/* End XCConfigurationList section */
	};
	rootObject = 19FE4C222043653C00D38029 /* Project object */;
}
